# This file was autogenerated by uv via the following command:
#    uv pip compile pyproject.toml -o requirements.lock
aiohappyeyeballs==2.6.1
    # via aiohttp
aiohttp==3.13.5
    # via llama-index-core
aiosignal==1.4.0
    # via aiohttp
aiosqlite==0.22.1
    # via llama-index-core
alembic==1.18.4
    # via programing-education-backend (pyproject.toml)
annotated-doc==0.0.4
    # via fastapi
annotated-types==0.7.0
    # via pydantic
anyio==4.13.0
    # via
    #   httpx
    #   openai
    #   starlette
    #   watchfiles
asyncpg==0.31.0
    # via
    #   programing-education-backend (pyproject.toml)
    #   llama-index-vector-stores-postgres
attrs==26.1.0
    # via aiohttp
authlib==1.6.12
    # via programing-education-backend (pyproject.toml)
banks==2.4.2
    # via llama-index-core
certifi==2026.2.25
    # via
    #   httpcore
    #   httpx
    #   requests
cffi==2.0.0
    # via cryptography
charset-normalizer==3.4.7
    # via requests
click==8.3.2
    # via
    #   nltk
    #   uvicorn
colorama==0.4.6
    # via griffecli
cryptography==44.0.3
    # via
    #   programing-education-backend (pyproject.toml)
    #   authlib
dataclasses-json==0.6.7
    # via llama-index-core
deprecated==1.3.1
    # via
    #   banks
    #   llama-index-core
    #   llama-index-instrumentation
dirtyjson==1.0.8
    # via llama-index-core
distro==1.9.0
    # via openai
fastapi==0.135.3
    # via programing-education-backend (pyproject.toml)
filetype==1.2.0
    # via
    #   banks
    #   llama-index-core
frozenlist==1.8.0
    # via
    #   aiohttp
    #   aiosignal
fsspec==2026.4.0
    # via llama-index-core
greenlet==3.4.0
    # via sqlalchemy
griffe==2.0.2
    # via banks
griffecli==2.0.2
    # via griffe
griffelib==2.0.2
    # via
    #   griffe
    #   griffecli
h11==0.16.0
    # via
    #   httpcore
    #   uvicorn
httpcore==1.0.9
    # via httpx
httptools==0.7.1
    # via uvicorn
httpx==0.28.1
    # via
    #   programing-education-backend (pyproject.toml)
    #   llama-index-core
    #   openai
idna==3.11
    # via
    #   anyio
    #   httpx
    #   requests
    #   yarl
jinja2==3.1.6
    # via banks
jiter==0.14.0
    # via openai
joblib==1.5.3
    # via nltk
llama-index-core==0.14.21
    # via
    #   programing-education-backend (pyproject.toml)
    #   llama-index-embeddings-openai
    #   llama-index-vector-stores-postgres
llama-index-embeddings-openai==0.6.0
    # via programing-education-backend (pyproject.toml)
llama-index-instrumentation==0.5.0
    # via llama-index-workflows
llama-index-vector-stores-postgres==0.8.1
    # via programing-education-backend (pyproject.toml)
llama-index-workflows==2.20.0
    # via llama-index-core
mako==1.3.10
    # via alembic
markupsafe==3.0.3
    # via
    #   jinja2
    #   mako
marshmallow==3.26.2
    # via dataclasses-json
multidict==6.7.1
    # via
    #   aiohttp
    #   yarl
mypy-extensions==1.1.0
    # via typing-inspect
nest-asyncio==1.6.0
    # via llama-index-core
networkx==3.6.1
    # via llama-index-core
nltk==3.9.4
    # via llama-index-core
numpy==2.4.4
    # via
    #   llama-index-core
    #   pgvector
openai==2.34.0
    # via
    #   programing-education-backend (pyproject.toml)
    #   llama-index-embeddings-openai
packaging==26.0
    # via marshmallow
pgvector==0.4.2
    # via
    #   programing-education-backend (pyproject.toml)
    #   llama-index-vector-stores-postgres
pillow==12.2.0
    # via llama-index-core
platformdirs==4.9.6
    # via
    #   banks
    #   llama-index-core
propcache==0.4.1
    # via
    #   aiohttp
    #   yarl
psycopg2-binary==2.9.12
    # via
    #   programing-education-backend (pyproject.toml)
    #   llama-index-vector-stores-postgres
pycparser==3.0
    # via cffi
pydantic==2.13.0
    # via
    #   programing-education-backend (pyproject.toml)
    #   banks
    #   fastapi
    #   llama-index-core
    #   llama-index-instrumentation
    #   llama-index-workflows
    #   openai
    #   pydantic-settings
pydantic-core==2.46.0
    # via pydantic
pydantic-settings==2.13.1
    # via programing-education-backend (pyproject.toml)
pyjwt==2.12.1
    # via
    #   programing-education-backend (pyproject.toml)
    #   redis
python-dotenv==1.2.2
    # via
    #   programing-education-backend (pyproject.toml)
    #   pydantic-settings
    #   uvicorn
pyyaml==6.0.3
    # via
    #   llama-index-core
    #   uvicorn
redis==5.3.1
    # via programing-education-backend (pyproject.toml)
regex==2026.4.4
    # via
    #   nltk
    #   tiktoken
requests==2.33.1
    # via
    #   llama-index-core
    #   tiktoken
setuptools==82.0.1
    # via llama-index-core
sniffio==1.3.1
    # via openai
sqlalchemy==2.0.49
    # via
    #   programing-education-backend (pyproject.toml)
    #   alembic
    #   llama-index-core
    #   llama-index-vector-stores-postgres
starlette==1.0.0
    # via fastapi
tenacity==9.1.4
    # via llama-index-core
tiktoken==0.12.0
    # via llama-index-core
tinytag==2.2.1
    # via llama-index-core
tqdm==4.67.3
    # via
    #   llama-index-core
    #   nltk
    #   openai
typing-extensions==4.15.0
    # via
    #   aiosignal
    #   alembic
    #   anyio
    #   fastapi
    #   llama-index-core
    #   llama-index-workflows
    #   openai
    #   pydantic
    #   pydantic-core
    #   sqlalchemy
    #   starlette
    #   typing-inspect
    #   typing-inspection
typing-inspect==0.9.0
    # via
    #   dataclasses-json
    #   llama-index-core
typing-inspection==0.4.2
    # via
    #   fastapi
    #   pydantic
    #   pydantic-settings
urllib3==2.6.3
    # via requests
uvicorn==0.44.0
    # via programing-education-backend (pyproject.toml)
uvloop==0.22.1
    # via uvicorn
watchfiles==1.1.1
    # via uvicorn
websockets==16.0
    # via uvicorn
wrapt==2.1.2
    # via
    #   deprecated
    #   llama-index-core
yarl==1.23.0
    # via aiohttp
